// !$*UTF8*$!
{
	archiveVersion = 1;
	classes = {
	};
	objectVersion = 46;
	objects = {

/* Begin PBXBuildFile section */
		1A006A8D1D75C9A500C1C0AA /* MLTableViewCell.xib in Resources */ = {isa = PBXBuildFile; fileRef = 1A006A8C1D75C9A500C1C0AA /* MLTableViewCell.xib */; };
		1A006A8F1D75CD8F00C1C0AA /* LSTableViewCell.swift in Sources */ = {isa = PBXBuildFile; fileRef = 1A006A8E1D75CD8F00C1C0AA /* LSTableViewCell.swift */; };
		1A0BFEA61D746CD700D50DBF /* Main.storyboard in Resources */ = {isa = PBXBuildFile; fileRef = 1A0BFEA41D746CD700D50DBF /* Main.storyboard */; };
		1A0BFEA81D746CD700D50DBF /* Assets.xcassets in Resources */ = {isa = PBXBuildFile; fileRef = 1A0BFEA71D746CD700D50DBF /* Assets.xcassets */; };
		1A0BFEAB1D746CD700D50DBF /* LaunchScreen.storyboard in Resources */ = {isa = PBXBuildFile; fileRef = 1A0BFEA91D746CD700D50DBF /* LaunchScreen.storyboard */; };
		1A0BFEB41D747A6700D50DBF /* ViewController.swift in Sources */ = {isa = PBXBuildFile; fileRef = 1A0BFEB31D747A6700D50DBF /* ViewController.swift */; };
		1A0BFEB81D747A7000D50DBF /* AppDelegate.swift in Sources */ = {isa = PBXBuildFile; fileRef = 1A0BFEB61D747A7000D50DBF /* AppDelegate.swift */; };
		1A0BFEB91D747A7000D50DBF /* Info.plist in Resources */ = {isa = PBXBuildFile; fileRef = 1A0BFEB71D747A7000D50DBF /* Info.plist */; };
		1A0BFEBC1D74808200D50DBF /* tgs.plist in Resources */ = {isa = PBXBuildFile; fileRef = 1A0BFEBB1D74808200D50DBF /* tgs.plist */; };
		1A0BFEBE1D74819100D50DBF /* LSGoods.swift in Sources */ = {isa = PBXBuildFile; fileRef = 1A0BFEBD1D74819100D50DBF /* LSGoods.swift */; };
		1A0BFECD1D7481E400D50DBF /* Reflect+ArcFile.swift in Sources */ = {isa = PBXBuildFile; fileRef = 1A0BFEC21D7481E400D50DBF /* Reflect+ArcFile.swift */; };
		1A0BFECE1D7481E400D50DBF /* Reflect+Parse.swift in Sources */ = {isa = PBXBuildFile; fileRef = 1A0BFEC41D7481E400D50DBF /* Reflect+Parse.swift */; };
		1A0BFECF1D7481E400D50DBF /* Reflect+Convert.swift in Sources */ = {isa = PBXBuildFile; fileRef = 1A0BFEC61D7481E400D50DBF /* Reflect+Convert.swift */; };
		1A0BFED01D7481E400D50DBF /* Reflect+Class.swift in Sources */ = {isa = PBXBuildFile; fileRef = 1A0BFEC81D7481E400D50DBF /* Reflect+Class.swift */; };
		1A0BFED11D7481E400D50DBF /* Reflect+Other.swift in Sources */ = {isa = PBXBuildFile; fileRef = 1A0BFEC91D7481E400D50DBF /* Reflect+Other.swift */; };
		1A0BFED21D7481E400D50DBF /* Reflect+Property.swift in Sources */ = {isa = PBXBuildFile; fileRef = 1A0BFECA1D7481E400D50DBF /* Reflect+Property.swift */; };
		1A0BFED31D7481E400D50DBF /* Reflect+Type.swift in Sources */ = {isa = PBXBuildFile; fileRef = 1A0BFECB1D7481E400D50DBF /* Reflect+Type.swift */; };
		1A0BFED41D7481E400D50DBF /* Reflect.swift in Sources */ = {isa = PBXBuildFile; fileRef = 1A0BFECC1D7481E400D50DBF /* Reflect.swift */; };
/* End PBXBuildFile section */

/* Begin PBXFileReference section */
		1A006A8C1D75C9A500C1C0AA /* MLTableViewCell.xib */ = {isa = PBXFileReference; fileEncoding = 4; lastKnownFileType = file.xib; path = MLTableViewCell.xib; sourceTree = "<group>"; };
		1A006A8E1D75CD8F00C1C0AA /* LSTableViewCell.swift */ = {isa = PBXFileReference; fileEncoding = 4; lastKnownFileType = sourcecode.swift; path = LSTableViewCell.swift; sourceTree = "<group>"; };
		1A0BFE9D1D746CD700D50DBF /* swift_group-purchase.app */ = {isa = PBXFileReference; explicitFileType = wrapper.application; includeInIndex = 0; path = "swift_group-purchase.app"; sourceTree = BUILT_PRODUCTS_DIR; };
		1A0BFEA51D746CD700D50DBF /* Base */ = {isa = PBXFileReference; lastKnownFileType = file.storyboard; name = Base; path = Base.lproj/Main.storyboard; sourceTree = "<group>"; };
		1A0BFEA71D746CD700D50DBF /* Assets.xcassets */ = {isa = PBXFileReference; lastKnownFileType = folder.assetcatalog; path = Assets.xcassets; sourceTree = "<group>"; };
		1A0BFEAA1D746CD700D50DBF /* Base */ = {isa = PBXFileReference; lastKnownFileType = file.storyboard; name = Base; path = Base.lproj/LaunchScreen.storyboard; sourceTree = "<group>"; };
		1A0BFEB31D747A6700D50DBF /* ViewController.swift */ = {isa = PBXFileReference; fileEncoding = 4; lastKnownFileType = sourcecode.swift; path = ViewController.swift; sourceTree = "<group>"; };
		1A0BFEB61D747A7000D50DBF /* AppDelegate.swift */ = {isa = PBXFileReference; fileEncoding = 4; lastKnownFileType = sourcecode.swift; name = AppDelegate.swift; path = Base.lproj/Model/AppDelegate.swift; sourceTree = "<group>"; };
		1A0BFEB71D747A7000D50DBF /* Info.plist */ = {isa = PBXFileReference; fileEncoding = 4; lastKnownFileType = text.plist.xml; name = Info.plist; path = Base.lproj/Model/Info.plist; sourceTree = "<group>"; };
		1A0BFEBB1D74808200D50DBF /* tgs.plist */ = {isa = PBXFileReference; fileEncoding = 4; lastKnownFileType = text.plist.xml; path = tgs.plist; sourceTree = "<group>"; };
		1A0BFEBD1D74819100D50DBF /* LSGoods.swift */ = {isa = PBXFileReference; fileEncoding = 4; lastKnownFileType = sourcecode.swift; path = LSGoods.swift; sourceTree = "<group>"; };
		1A0BFEC21D7481E400D50DBF /* Reflect+ArcFile.swift */ = {isa = PBXFileReference; fileEncoding = 4; lastKnownFileType = sourcecode.swift; path = "Reflect+ArcFile.swift"; sourceTree = "<group>"; };
		1A0BFEC41D7481E400D50DBF /* Reflect+Parse.swift */ = {isa = PBXFileReference; fileEncoding = 4; lastKnownFileType = sourcecode.swift; path = "Reflect+Parse.swift"; sourceTree = "<group>"; };
		1A0BFEC61D7481E400D50DBF /* Reflect+Convert.swift */ = {isa = PBXFileReference; fileEncoding = 4; lastKnownFileType = sourcecode.swift; path = "Reflect+Convert.swift"; sourceTree = "<group>"; };
		1A0BFEC81D7481E400D50DBF /* Reflect+Class.swift */ = {isa = PBXFileReference; fileEncoding = 4; lastKnownFileType = sourcecode.swift; path = "Reflect+Class.swift"; sourceTree = "<group>"; };
		1A0BFEC91D7481E400D50DBF /* Reflect+Other.swift */ = {isa = PBXFileReference; fileEncoding = 4; lastKnownFileType = sourcecode.swift; path = "Reflect+Other.swift"; sourceTree = "<group>"; };
		1A0BFECA1D7481E400D50DBF /* Reflect+Property.swift */ = {isa = PBXFileReference; fileEncoding = 4; lastKnownFileType = sourcecode.swift; path = "Reflect+Property.swift"; sourceTree = "<group>"; };
		1A0BFECB1D7481E400D50DBF /* Reflect+Type.swift */ = {isa = PBXFileReference; fileEncoding = 4; lastKnownFileType = sourcecode.swift; path = "Reflect+Type.swift"; sourceTree = "<group>"; };
		1A0BFECC1D7481E400D50DBF /* Reflect.swift */ = {isa = PBXFileReference; fileEncoding = 4; lastKnownFileType = sourcecode.swift; path = Reflect.swift; sourceTree = "<group>"; };
/* End PBXFileReference section */

/* Begin PBXFrameworksBuildPhase section */
		1A0BFE9A1D746CD700D50DBF /* Frameworks */ = {
			isa = PBXFrameworksBuildPhase;
			buildActionMask = 2147483647;
			files = (
			);
			runOnlyForDeploymentPostprocessing = 0;
		};
/* End PBXFrameworksBuildPhase section */

/* Begin PBXGroup section */
		1A0BFE941D746CD700D50DBF = {
			isa = PBXGroup;
			children = (
				1A0BFE9F1D746CD700D50DBF /* swift_group-purchase */,
				1A0BFE9E1D746CD700D50DBF /* Products */,
				1A0BFEBF1D7481D500D50DBF /* FrameWork */,
			);
			sourceTree = "<group>";
		};
		1A0BFE9E1D746CD700D50DBF /* Products */ = {
			isa = PBXGroup;
			children = (
				1A0BFE9D1D746CD700D50DBF /* swift_group-purchase.app */,
			);
			name = Products;
			sourceTree = "<group>";
		};
		1A0BFE9F1D746CD700D50DBF /* swift_group-purchase */ = {
			isa = PBXGroup;
			children = (
				1A0BFEB21D747A6700D50DBF /* Controller */,
				1A0BFEBA1D747A7A00D50DBF /* View */,
				1A0BFEB51D747A7000D50DBF /* Model */,
				1A0BFEA71D746CD700D50DBF /* Assets.xcassets */,
				1A0BFEB61D747A7000D50DBF /* AppDelegate.swift */,
				1A0BFEBB1D74808200D50DBF /* tgs.plist */,
				1A0BFEB71D747A7000D50DBF /* Info.plist */,
			);
			path = "swift_group-purchase";
			sourceTree = "<group>";
		};
		1A0BFEB21D747A6700D50DBF /* Controller */ = {
			isa = PBXGroup;
			children = (
				1A0BFEB31D747A6700D50DBF /* ViewController.swift */,
				1A006A8C1D75C9A500C1C0AA /* MLTableViewCell.xib */,
				1A006A8E1D75CD8F00C1C0AA /* LSTableViewCell.swift */,
			);
			name = Controller;
			path = Base.lproj/Controller;
			sourceTree = "<group>";
		};
		1A0BFEB51D747A7000D50DBF /* Model */ = {
			isa = PBXGroup;
			children = (
				1A0BFEBD1D74819100D50DBF /* LSGoods.swift */,
			);
			name = Model;
			path = Base.lproj/Model;
			sourceTree = "<group>";
		};
		1A0BFEBA1D747A7A00D50DBF /* View */ = {
			isa = PBXGroup;
			children = (
				1A0BFEA41D746CD700D50DBF /* Main.storyboard */,
				1A0BFEA91D746CD700D50DBF /* LaunchScreen.storyboard */,
			);
			name = View;
			path = Base.lproj/View;
			sourceTree = "<group>";
		};
		1A0BFEBF1D7481D500D50DBF /* FrameWork */ = {
			isa = PBXGroup;
			children = (
				1A0BFEC01D7481E400D50DBF /* Reflect */,
			);
			name = FrameWork;
			path = "swift_group-purchase/FrameWork";
			sourceTree = "<group>";
		};
		1A0BFEC01D7481E400D50DBF /* Reflect */ = {
			isa = PBXGroup;
			children = (
				1A0BFEC11D7481E400D50DBF /* Coding */,
				1A0BFEC31D7481E400D50DBF /* Dict2Model */,
				1A0BFEC51D7481E400D50DBF /* Model2Dict */,
				1A0BFEC71D7481E400D50DBF /* Reflect */,
				1A0BFECC1D7481E400D50DBF /* Reflect.swift */,
			);
			path = Reflect;
			sourceTree = "<group>";
		};
		1A0BFEC11D7481E400D50DBF /* Coding */ = {
			isa = PBXGroup;
			children = (
				1A0BFEC21D7481E400D50DBF /* Reflect+ArcFile.swift */,
			);
			path = Coding;
			sourceTree = "<group>";
		};
		1A0BFEC31D7481E400D50DBF /* Dict2Model */ = {
			isa = PBXGroup;
			children = (
				1A0BFEC41D7481E400D50DBF /* Reflect+Parse.swift */,
			);
			path = Dict2Model;
			sourceTree = "<group>";
		};
		1A0BFEC51D7481E400D50DBF /* Model2Dict */ = {
			isa = PBXGroup;
			children = (
				1A0BFEC61D7481E400D50DBF /* Reflect+Convert.swift */,
			);
			path = Model2Dict;
			sourceTree = "<group>";
		};
		1A0BFEC71D7481E400D50DBF /* Reflect */ = {
			isa = PBXGroup;
			children = (
				1A0BFEC81D7481E400D50DBF /* Reflect+Class.swift */,
				1A0BFEC91D7481E400D50DBF /* Reflect+Other.swift */,
				1A0BFECA1D7481E400D50DBF /* Reflect+Property.swift */,
				1A0BFECB1D7481E400D50DBF /* Reflect+Type.swift */,
			);
			path = Reflect;
			sourceTree = "<group>";
		};
/* End PBXGroup section */

/* Begin PBXNativeTarget section */
		1A0BFE9C1D746CD700D50DBF /* swift_group-purchase */ = {
			isa = PBXNativeTarget;
			buildConfigurationList = 1A0BFEAF1D746CD700D50DBF /* Build configuration list for PBXNativeTarget "swift_group-purchase" */;
			buildPhases = (
				1A0BFE991D746CD700D50DBF /* Sources */,
				1A0BFE9A1D746CD700D50DBF /* Frameworks */,
				1A0BFE9B1D746CD700D50DBF /* Resources */,
			);
			buildRules = (
			);
			dependencies = (
			);
			name = "swift_group-purchase";
			productName = "swift_group-purchase";
			productReference = 1A0BFE9D1D746CD700D50DBF /* swift_group-purchase.app */;
			productType = "com.apple.product-type.application";
		};
/* End PBXNativeTarget section */

/* Begin PBXProject section */
		1A0BFE951D746CD700D50DBF /* Project object */ = {
			isa = PBXProject;
			attributes = {
				CLASSPREFIX = LS;
				LastSwiftUpdateCheck = 0730;
				LastUpgradeCheck = 0730;
				ORGANIZATIONNAME = SocererGroup;
				TargetAttributes = {
					1A0BFE9C1D746CD700D50DBF = {
						CreatedOnToolsVersion = 7.3.1;
						DevelopmentTeam = T9A27F8Q5D;
					};
				};
			};
			buildConfigurationList = 1A0BFE981D746CD700D50DBF /* Build configuration list for PBXProject "swift_group-purchase" */;
			compatibilityVersion = "Xcode 3.2";
			developmentRegion = English;
			hasScannedForEncodings = 0;
			knownRegions = (
				en,
				Base,
			);
			mainGroup = 1A0BFE941D746CD700D50DBF;
			productRefGroup = 1A0BFE9E1D746CD700D50DBF /* Products */;
			projectDirPath = "";
			projectRoot = "";
			targets = (
				1A0BFE9C1D746CD700D50DBF /* swift_group-purchase */,
			);
		};
/* End PBXProject section */

/* Begin PBXResourcesBuildPhase section */
		1A0BFE9B1D746CD700D50DBF /* Resources */ = {
			isa = PBXResourcesBuildPhase;
			buildActionMask = 2147483647;
			files = (
				1A006A8D1D75C9A500C1C0AA /* MLTableViewCell.xib in Resources */,
				1A0BFEBC1D74808200D50DBF /* tgs.plist in Resources */,
				1A0BFEB91D747A7000D50DBF /* Info.plist in Resources */,
				1A0BFEAB1D746CD700D50DBF /* LaunchScreen.storyboard in Resources */,
				1A0BFEA81D746CD700D50DBF /* Assets.xcassets in Resources */,
				1A0BFEA61D746CD700D50DBF /* Main.storyboard in Resources */,
			);
			runOnlyForDeploymentPostprocessing = 0;
		};
/* End PBXResourcesBuildPhase section */

/* Begin PBXSourcesBuildPhase section */
		1A0BFE991D746CD700D50DBF /* Sources */ = {
			isa = PBXSourcesBuildPhase;
			buildActionMask = 2147483647;
			files = (
				1A0BFED11D7481E400D50DBF /* Reflect+Other.swift in Sources */,
				1A0BFED31D7481E400D50DBF /* Reflect+Type.swift in Sources */,
				1A0BFEB81D747A7000D50DBF /* AppDelegate.swift in Sources */,
				1A0BFED21D7481E400D50DBF /* Reflect+Property.swift in Sources */,
				1A0BFEB41D747A6700D50DBF /* ViewController.swift in Sources */,
				1A0BFECD1D7481E400D50DBF /* Reflect+ArcFile.swift in Sources */,
				1A0BFEBE1D74819100D50DBF /* LSGoods.swift in Sources */,
				1A0BFED41D7481E400D50DBF /* Reflect.swift in Sources */,
				1A0BFED01D7481E400D50DBF /* Reflect+Class.swift in Sources */,
				1A0BFECE1D7481E400D50DBF /* Reflect+Parse.swift in Sources */,
				1A006A8F1D75CD8F00C1C0AA /* LSTableViewCell.swift in Sources */,
				1A0BFECF1D7481E400D50DBF /* Reflect+Convert.swift in Sources */,
			);
			runOnlyForDeploymentPostprocessing = 0;
		};
/* End PBXSourcesBuildPhase section */

/* Begin PBXVariantGroup section */
		1A0BFEA41D746CD700D50DBF /* Main.storyboard */ = {
			isa = PBXVariantGroup;
			children = (
				1A0BFEA51D746CD700D50DBF /* Base */,
			);
			name = Main.storyboard;
			path = ../..;
			sourceTree = "<group>";
		};
		1A0BFEA91D746CD700D50DBF /* LaunchScreen.storyboard */ = {
			isa = PBXVariantGroup;
			children = (
				1A0BFEAA1D746CD700D50DBF /* Base */,
			);
			name = LaunchScreen.storyboard;
			path = ../..;
			sourceTree = "<group>";
		};
/* End PBXVariantGroup section */

/* Begin XCBuildConfiguration section */
		1A0BFEAD1D746CD700D50DBF /* Debug */ = {
			isa = XCBuildConfiguration;
			buildSettings = {
				ALWAYS_SEARCH_USER_PATHS = NO;
				CLANG_ANALYZER_NONNULL = YES;
				CLANG_CXX_LANGUAGE_STANDARD = "gnu++0x";
				CLANG_CXX_LIBRARY = "libc++";
				CLANG_ENABLE_MODULES = YES;
				CLANG_ENABLE_OBJC_ARC = YES;
				CLANG_WARN_BOOL_CONVERSION = YES;
				CLANG_WARN_CONSTANT_CONVERSION = YES;
				CLANG_WARN_DIRECT_OBJC_ISA_USAGE = YES_ERROR;
				CLANG_WARN_EMPTY_BODY = YES;
				CLANG_WARN_ENUM_CONVERSION = YES;
				CLANG_WARN_INT_CONVERSION = YES;
				CLANG_WARN_OBJC_ROOT_CLASS = YES_ERROR;
				CLANG_WARN_UNREACHABLE_CODE = YES;
				CLANG_WARN__DUPLICATE_METHOD_MATCH = YES;
				"CODE_SIGN_IDENTITY[sdk=iphoneos*]" = "iPhone Developer";
				COPY_PHASE_STRIP = NO;
				DEBUG_INFORMATION_FORMAT = dwarf;
				ENABLE_STRICT_OBJC_MSGSEND = YES;
				ENABLE_TESTABILITY = YES;
				GCC_C_LANGUAGE_STANDARD = gnu99;
				GCC_DYNAMIC_NO_PIC = NO;
				GCC_NO_COMMON_BLOCKS = YES;
				GCC_OPTIMIZATION_LEVEL = 0;
				GCC_PREPROCESSOR_DEFINITIONS = (
					"DEBUG=1",
					"$(inherited)",
				);
				GCC_WARN_64_TO_32_BIT_CONVERSION = YES;
				GCC_WARN_ABOUT_RETURN_TYPE = YES_ERROR;
				GCC_WARN_UNDECLARED_SELECTOR = YES;
				GCC_WARN_UNINITIALIZED_AUTOS = YES_AGGRESSIVE;
				GCC_WARN_UNUSED_FUNCTION = YES;
				GCC_WARN_UNUSED_VARIABLE = YES;
				IPHONEOS_DEPLOYMENT_TARGET = 9.3;
				MTL_ENABLE_DEBUG_INFO = YES;
				ONLY_ACTIVE_ARCH = YES;
				SDKROOT = iphoneos;
				SWIFT_OPTIMIZATION_LEVEL = "-Onone";
			};
			name = Debug;
		};
		1A0BFEAE1D746CD700D50DBF /* Release */ = {
			isa = XCBuildConfiguration;
			buildSettings = {
				ALWAYS_SEARCH_USER_PATHS = NO;
				CLANG_ANALYZER_NONNULL = YES;
				CLANG_CXX_LANGUAGE_STANDARD = "gnu++0x";
				CLANG_CXX_LIBRARY = "libc++";
				CLANG_ENABLE_MODULES = YES;
				CLANG_ENABLE_OBJC_ARC = YES;
				CLANG_WARN_BOOL_CONVERSION = YES;
				CLANG_WARN_CONSTANT_CONVERSION = YES;
				CLANG_WARN_DIRECT_OBJC_ISA_USAGE = YES_ERROR;
				CLANG_WARN_EMPTY_BODY = YES;
				CLANG_WARN_ENUM_CONVERSION = YES;
				CLANG_WARN_INT_CONVERSION = YES;
				CLANG_WARN_OBJC_ROOT_CLASS = YES_ERROR;
				CLANG_WARN_UNREACHABLE_CODE = YES;
				CLANG_WARN__DUPLICATE_METHOD_MATCH = YES;
				"CODE_SIGN_IDENTITY[sdk=iphoneos*]" = "iPhone Developer";
				COPY_PHASE_STRIP = NO;
				DEBUG_INFORMATION_FORMAT = "dwarf-with-dsym";
				ENABLE_NS_ASSERTIONS = NO;
				ENABLE_STRICT_OBJC_MSGSEND = YES;
				GCC_C_LANGUAGE_STANDARD = gnu99;
				GCC_NO_COMMON_BLOCKS = YES;
				GCC_WARN_64_TO_32_BIT_CONVERSION = YES;
				GCC_WARN_ABOUT_RETURN_TYPE = YES_ERROR;
				GCC_WARN_UNDECLARED_SELECTOR = YES;
				GCC_WARN_UNINITIALIZED_AUTOS = YES_AGGRESSIVE;
				GCC_WARN_UNUSED_FUNCTION = YES;
				GCC_WARN_UNUSED_VARIABLE = YES;
				IPHONEOS_DEPLOYMENT_TARGET = 9.3;
				MTL_ENABLE_DEBUG_INFO = NO;
				SDKROOT = iphoneos;
				VALIDATE_PRODUCT = YES;
			};
			name = Release;
		};
		1A0BFEB01D746CD700D50DBF /* Debug */ = {
			isa = XCBuildConfiguration;
			buildSettings = {
				ASSETCATALOG_COMPILER_APPICON_NAME = AppIcon;
				INFOPLIST_FILE = "$(SRCROOT)/swift_group-purchase/Base.lproj/Model/Info.plist";
				LD_RUNPATH_SEARCH_PATHS = "$(inherited) @executable_path/Frameworks";
				PRODUCT_BUNDLE_IDENTIFIER = "com.SocererGroup.swift-group-purchase";
				PRODUCT_NAME = "$(TARGET_NAME)";
			};
			name = Debug;
		};
		1A0BFEB11D746CD700D50DBF /* Release */ = {
			isa = XCBuildConfiguration;
			buildSettings = {
				ASSETCATALOG_COMPILER_APPICON_NAME = AppIcon;
				INFOPLIST_FILE = "$(SRCROOT)/swift_group-purchase/Base.lproj/Model/Info.plist";
				LD_RUNPATH_SEARCH_PATHS = "$(inherited) @executable_path/Frameworks";
				PRODUCT_BUNDLE_IDENTIFIER = "com.SocererGroup.swift-group-purchase";
				PRODUCT_NAME = "$(TARGET_NAME)";
			};
			name = Release;
		};
/* End XCBuildConfiguration section */

/* Begin XCConfigurationList section */
		1A0BFE981D746CD700D50DBF /* Build configuration list for PBXProject "swift_group-purchase" */ = {
			isa = XCConfigurationList;
			buildConfigurations = (
				1A0BFEAD1D746CD700D50DBF /* Debug */,
				1A0BFEAE1D746CD700D50DBF /* Release */,
			);
			defaultConfigurationIsVisible = 0;
			defaultConfigurationName = Release;
		};
		1A0BFEAF1D746CD700D50DBF /* Build configuration list for PBXNativeTarget "swift_group-purchase" */ = {
			isa = XCConfigurationList;
			buildConfigurations = (
				1A0BFEB01D746CD700D50DBF /* Debug */,
				1A0BFEB11D746CD700D50DBF /* Release */,
			);
			defaultConfigurationIsVisible = 0;
			defaultConfigurationName = Release;
		};
/* End XCConfigurationList section */
	};
	rootObject = 1A0BFE951D746CD700D50DBF /* Project object */;
}
